
Microsoft Visual Studio Solution File, Format Version 9.00
# Visual Studio 2005
Project("{FAE04EC0-301F-11D3-BF4B-00C04F79EFBC}") = "DynamicSample", "DynamicSample\DynamicSample.csproj", "{D2B58742-240F-47C8-A69F-5683671CC9E5}"
EndProject
Project("{FAE04EC0-301F-11D3-BF4B-00C04F79EFBC}") = "DynamicUtilites", "DynamicUtilities\DynamicUtilites.csproj", "{0FEF568A-0697-4DFA-A643-99060713CF00}"
EndProject
Global
	GlobalSection(SolutionConfigurationPlatforms) = preSolution
		Debug|Any CPU = Debug|Any CPU
		Release|Any CPU = Release|Any CPU
	EndGlobalSection
	GlobalSection(ProjectConfigurationPlatforms) = postSolution
		{D2B58742-240F-47C8-A69F-5683671CC9E5}.Debug|Any CPU.ActiveCfg = Debug|Any CPU
		{D2B58742-240F-47C8-A69F-5683671CC9E5}.Debug|Any CPU.Build.0 = Debug|Any CPU
		{D2B58742-240F-47C8-A69F-5683671CC9E5}.Release|Any CPU.ActiveCfg = Release|Any CPU
		{D2B58742-240F-47C8-A69F-5683671CC9E5}.Release|Any CPU.Build.0 = Release|Any CPU
		{0FEF568A-0697-4DFA-A643-99060713CF00}.Debug|Any CPU.ActiveCfg = Debug|Any CPU
		{0FEF568A-0697-4DFA-A643-99060713CF00}.Debug|Any CPU.Build.0 = Debug|Any CPU
		{0FEF568A-0697-4DFA-A643-99060713CF00}.Release|Any CPU.ActiveCfg = Release|Any CPU
		{0FEF568A-0697-4DFA-A643-99060713CF00}.Release|Any CPU.Build.0 = Release|Any CPU
	EndGlobalSection
	GlobalSection(SolutionProperties) = preSolution
		HideSolutionNode = FALSE
	EndGlobalSection
EndGlobal
